
Microsoft Visual Studio Solution File, Format Version 12.00
# Visual Studio Version 17
VisualStudioVersion = 17.7.34024.191
MinimumVisualStudioVersion = 10.0.40219.1
Project("{FAE04EC0-301F-11D3-BF4B-00C04F79EFBC}") = "MVPSystem", "MVPSystem\MVPSystem.csproj", "{EABE6B6F-DB10-42D1-9CD7-5957810E5680}"
EndProject
Global
	GlobalSection(SolutionConfigurationPlatforms) = preSolution
		Debug|Any CPU = Debug|Any CPU
		Release|Any CPU = Release|Any CPU
	EndGlobalSection
	GlobalSection(ProjectConfigurationPlatforms) = postSolution
		{EABE6B6F-DB10-42D1-9CD7-5957810E5680}.Debug|Any CPU.ActiveCfg = Debug|Any CPU
		{EABE6B6F-DB10-42D1-9CD7-5957810E5680}.Debug|Any CPU.Build.0 = Debug|Any CPU
		{EABE6B6F-DB10-42D1-9CD7-5957810E5680}.Release|Any CPU.ActiveCfg = Release|Any CPU
		{EABE6B6F-DB10-42D1-9CD7-5957810E5680}.Release|Any CPU.Build.0 = Release|Any CPU
	EndGlobalSection
	GlobalSection(SolutionProperties) = preSolution
		HideSolutionNode = FALSE
	EndGlobalSection
	GlobalSection(ExtensibilityGlobals) = postSolution
		SolutionGuid = {F3D43D9A-A25B-4A3F-8289-9B024BAC53DC}
	EndGlobalSection
EndGlobal
